// !$*UTF8*$!
{
	archiveVersion = 1;
	classes = {
	};
	objectVersion = 50;
	objects = {

/* Begin PBXBuildFile section */
		110BED10CA3DD1D363F80A4B /* Pods_MovieDBClient.framework in Frameworks */ = {isa = PBXBuildFile; fileRef = CB55E086D6792D41A7D04FEA /* Pods_MovieDBClient.framework */; };
		B11A3CC320F1E6A3008310AD /* AppDelegate.swift in Sources */ = {isa = PBXBuildFile; fileRef = B11A3CC220F1E6A3008310AD /* AppDelegate.swift */; };
		B11A3CC520F1E6A3008310AD /* MainViewController.swift in Sources */ = {isa = PBXBuildFile; fileRef = B11A3CC420F1E6A3008310AD /* MainViewController.swift */; };
		B11A3CCA20F1E6A5008310AD /* Assets.xcassets in Resources */ = {isa = PBXBuildFile; fileRef = B11A3CC920F1E6A5008310AD /* Assets.xcassets */; };
		B11A3CCD20F1E6A5008310AD /* LaunchScreen.storyboard in Resources */ = {isa = PBXBuildFile; fileRef = B11A3CCB20F1E6A5008310AD /* LaunchScreen.storyboard */; };
		B11A3CD820F1E6A5008310AD /* MovieDBClientTests.swift in Sources */ = {isa = PBXBuildFile; fileRef = B11A3CD720F1E6A5008310AD /* MovieDBClientTests.swift */; };
		B1506CD820F3DCB000D28D63 /* SearchKeywordCell.swift in Sources */ = {isa = PBXBuildFile; fileRef = B1506CD720F3DCB000D28D63 /* SearchKeywordCell.swift */; };
		B1F3ACD420F1F25900DED68A /* MainView.swift in Sources */ = {isa = PBXBuildFile; fileRef = B1F3ACD320F1F25900DED68A /* MainView.swift */; };
		B1F3ACD620F1F89800DED68A /* MovieResultsDataSource.swift in Sources */ = {isa = PBXBuildFile; fileRef = B1F3ACD520F1F89800DED68A /* MovieResultsDataSource.swift */; };
		B1F3ACD820F1F90E00DED68A /* MovieCell.swift in Sources */ = {isa = PBXBuildFile; fileRef = B1F3ACD720F1F90E00DED68A /* MovieCell.swift */; };
		B1F3ACDB20F1FDA800DED68A /* Models.swift in Sources */ = {isa = PBXBuildFile; fileRef = B1F3ACDA20F1FDA800DED68A /* Models.swift */; };
		B1F3ACDD20F2083100DED68A /* valid_response.json in Resources */ = {isa = PBXBuildFile; fileRef = B1F3ACDC20F2083100DED68A /* valid_response.json */; };
		B1F3ACE120F2113800DED68A /* failure_response.json in Resources */ = {isa = PBXBuildFile; fileRef = B1F3ACDE20F2113700DED68A /* failure_response.json */; };
		B1F3ACE220F2113800DED68A /* error_response.json in Resources */ = {isa = PBXBuildFile; fileRef = B1F3ACDF20F2113700DED68A /* error_response.json */; };
		B1F3ACE320F2113800DED68A /* valid_response_no_results.json in Resources */ = {isa = PBXBuildFile; fileRef = B1F3ACE020F2113800DED68A /* valid_response_no_results.json */; };
		B1F3ACE520F214D000DED68A /* valid_response_no_poster.json in Resources */ = {isa = PBXBuildFile; fileRef = B1F3ACE420F214D000DED68A /* valid_response_no_poster.json */; };
		B1F3ACEA20F226D900DED68A /* AsyncOperation.swift in Sources */ = {isa = PBXBuildFile; fileRef = B1F3ACE820F226D900DED68A /* AsyncOperation.swift */; };
		B1F3ACEB20F226D900DED68A /* AsyncQueue.swift in Sources */ = {isa = PBXBuildFile; fileRef = B1F3ACE920F226D900DED68A /* AsyncQueue.swift */; };
		B1F3ACF020F2274200DED68A /* SearchManager.swift in Sources */ = {isa = PBXBuildFile; fileRef = B1F3ACED20F2274200DED68A /* SearchManager.swift */; };
		B1F3ACF120F2274200DED68A /* SearchOperation.swift in Sources */ = {isa = PBXBuildFile; fileRef = B1F3ACEE20F2274200DED68A /* SearchOperation.swift */; };
		B1F3ACF320F2687A00DED68A /* CacheManager.swift in Sources */ = {isa = PBXBuildFile; fileRef = B1F3ACF220F2687A00DED68A /* CacheManager.swift */; };
		DA704F9B9B117D29F2FA0BDF /* Pods_MovieDBClientTests.framework in Frameworks */ = {isa = PBXBuildFile; fileRef = 4390C4FBE531C967B0C9D2F0 /* Pods_MovieDBClientTests.framework */; };
/* End PBXBuildFile section */

/* Begin PBXContainerItemProxy section */
		B11A3CD420F1E6A5008310AD /* PBXContainerItemProxy */ = {
			isa = PBXContainerItemProxy;
			containerPortal = B11A3CB720F1E6A3008310AD /* Project object */;
			proxyType = 1;
			remoteGlobalIDString = B11A3CBE20F1E6A3008310AD;
			remoteInfo = MovieDBClient;
		};
/* End PBXContainerItemProxy section */

/* Begin PBXFileReference section */
		2D6589F7B539A8CF2E8CDCB1 /* Pods-MovieDBClientTests.release.xcconfig */ = {isa = PBXFileReference; includeInIndex = 1; lastKnownFileType = text.xcconfig; name = "Pods-MovieDBClientTests.release.xcconfig"; path = "Pods/Target Support Files/Pods-MovieDBClientTests/Pods-MovieDBClientTests.release.xcconfig"; sourceTree = "<group>"; };
		3CFEA3EA0D651E437A6EC011 /* Pods-MovieDBClientTests.debug.xcconfig */ = {isa = PBXFileReference; includeInIndex = 1; lastKnownFileType = text.xcconfig; name = "Pods-MovieDBClientTests.debug.xcconfig"; path = "Pods/Target Support Files/Pods-MovieDBClientTests/Pods-MovieDBClientTests.debug.xcconfig"; sourceTree = "<group>"; };
		4390C4FBE531C967B0C9D2F0 /* Pods_MovieDBClientTests.framework */ = {isa = PBXFileReference; explicitFileType = wrapper.framework; includeInIndex = 0; path = Pods_MovieDBClientTests.framework; sourceTree = BUILT_PRODUCTS_DIR; };
		57D85B13D8912EB38C57E129 /* Pods-MovieDBClient.release.xcconfig */ = {isa = PBXFileReference; includeInIndex = 1; lastKnownFileType = text.xcconfig; name = "Pods-MovieDBClient.release.xcconfig"; path = "Pods/Target Support Files/Pods-MovieDBClient/Pods-MovieDBClient.release.xcconfig"; sourceTree = "<group>"; };
		B11A3CBF20F1E6A3008310AD /* MovieDBClient.app */ = {isa = PBXFileReference; explicitFileType = wrapper.application; includeInIndex = 0; path = MovieDBClient.app; sourceTree = BUILT_PRODUCTS_DIR; };
		B11A3CC220F1E6A3008310AD /* AppDelegate.swift */ = {isa = PBXFileReference; lastKnownFileType = sourcecode.swift; path = AppDelegate.swift; sourceTree = "<group>"; };
		B11A3CC420F1E6A3008310AD /* MainViewController.swift */ = {isa = PBXFileReference; lastKnownFileType = sourcecode.swift; path = MainViewController.swift; sourceTree = "<group>"; };
		B11A3CC920F1E6A5008310AD /* Assets.xcassets */ = {isa = PBXFileReference; lastKnownFileType = folder.assetcatalog; path = Assets.xcassets; sourceTree = "<group>"; };
		B11A3CCC20F1E6A5008310AD /* Base */ = {isa = PBXFileReference; lastKnownFileType = file.storyboard; name = Base; path = Base.lproj/LaunchScreen.storyboard; sourceTree = "<group>"; };
		B11A3CCE20F1E6A5008310AD /* Info.plist */ = {isa = PBXFileReference; lastKnownFileType = text.plist.xml; path = Info.plist; sourceTree = "<group>"; };
		B11A3CD320F1E6A5008310AD /* MovieDBClientTests.xctest */ = {isa = PBXFileReference; explicitFileType = wrapper.cfbundle; includeInIndex = 0; path = MovieDBClientTests.xctest; sourceTree = BUILT_PRODUCTS_DIR; };
		B11A3CD720F1E6A5008310AD /* MovieDBClientTests.swift */ = {isa = PBXFileReference; lastKnownFileType = sourcecode.swift; path = MovieDBClientTests.swift; sourceTree = "<group>"; };
		B11A3CD920F1E6A5008310AD /* Info.plist */ = {isa = PBXFileReference; lastKnownFileType = text.plist.xml; path = Info.plist; sourceTree = "<group>"; };
		B1506CD720F3DCB000D28D63 /* SearchKeywordCell.swift */ = {isa = PBXFileReference; lastKnownFileType = sourcecode.swift; path = SearchKeywordCell.swift; sourceTree = "<group>"; };
		B1F3ACD320F1F25900DED68A /* MainView.swift */ = {isa = PBXFileReference; lastKnownFileType = sourcecode.swift; path = MainView.swift; sourceTree = "<group>"; };
		B1F3ACD520F1F89800DED68A /* MovieResultsDataSource.swift */ = {isa = PBXFileReference; lastKnownFileType = sourcecode.swift; path = MovieResultsDataSource.swift; sourceTree = "<group>"; };
		B1F3ACD720F1F90E00DED68A /* MovieCell.swift */ = {isa = PBXFileReference; lastKnownFileType = sourcecode.swift; path = MovieCell.swift; sourceTree = "<group>"; };
		B1F3ACDA20F1FDA800DED68A /* Models.swift */ = {isa = PBXFileReference; lastKnownFileType = sourcecode.swift; path = Models.swift; sourceTree = "<group>"; };
		B1F3ACDC20F2083100DED68A /* valid_response.json */ = {isa = PBXFileReference; lastKnownFileType = text.json; path = valid_response.json; sourceTree = "<group>"; };
		B1F3ACDE20F2113700DED68A /* failure_response.json */ = {isa = PBXFileReference; fileEncoding = 4; lastKnownFileType = text.json; path = failure_response.json; sourceTree = "<group>"; };
		B1F3ACDF20F2113700DED68A /* error_response.json */ = {isa = PBXFileReference; fileEncoding = 4; lastKnownFileType = text.json; path = error_response.json; sourceTree = "<group>"; };
		B1F3ACE020F2113800DED68A /* valid_response_no_results.json */ = {isa = PBXFileReference; fileEncoding = 4; lastKnownFileType = text.json; path = valid_response_no_results.json; sourceTree = "<group>"; };
		B1F3ACE420F214D000DED68A /* valid_response_no_poster.json */ = {isa = PBXFileReference; fileEncoding = 4; lastKnownFileType = text.json; path = valid_response_no_poster.json; sourceTree = "<group>"; };
		B1F3ACE820F226D900DED68A /* AsyncOperation.swift */ = {isa = PBXFileReference; fileEncoding = 4; lastKnownFileType = sourcecode.swift; path = AsyncOperation.swift; sourceTree = "<group>"; };
		B1F3ACE920F226D900DED68A /* AsyncQueue.swift */ = {isa = PBXFileReference; fileEncoding = 4; lastKnownFileType = sourcecode.swift; path = AsyncQueue.swift; sourceTree = "<group>"; };
		B1F3ACED20F2274200DED68A /* SearchManager.swift */ = {isa = PBXFileReference; fileEncoding = 4; lastKnownFileType = sourcecode.swift; path = SearchManager.swift; sourceTree = "<group>"; };
		B1F3ACEE20F2274200DED68A /* SearchOperation.swift */ = {isa = PBXFileReference; fileEncoding = 4; lastKnownFileType = sourcecode.swift; path = SearchOperation.swift; sourceTree = "<group>"; };
		B1F3ACF220F2687A00DED68A /* CacheManager.swift */ = {isa = PBXFileReference; lastKnownFileType = sourcecode.swift; path = CacheManager.swift; sourceTree = "<group>"; };
		CB55E086D6792D41A7D04FEA /* Pods_MovieDBClient.framework */ = {isa = PBXFileReference; explicitFileType = wrapper.framework; includeInIndex = 0; path = Pods_MovieDBClient.framework; sourceTree = BUILT_PRODUCTS_DIR; };
		E8D95C1C087070C97976FEEF /* Pods-MovieDBClient.debug.xcconfig */ = {isa = PBXFileReference; includeInIndex = 1; lastKnownFileType = text.xcconfig; name = "Pods-MovieDBClient.debug.xcconfig"; path = "Pods/Target Support Files/Pods-MovieDBClient/Pods-MovieDBClient.debug.xcconfig"; sourceTree = "<group>"; };
/* End PBXFileReference section */

/* Begin PBXFrameworksBuildPhase section */
		B11A3CBC20F1E6A3008310AD /* Frameworks */ = {
			isa = PBXFrameworksBuildPhase;
			buildActionMask = 2147483647;
			files = (
				110BED10CA3DD1D363F80A4B /* Pods_MovieDBClient.framework in Frameworks */,
			);
			runOnlyForDeploymentPostprocessing = 0;
		};
		B11A3CD020F1E6A5008310AD /* Frameworks */ = {
			isa = PBXFrameworksBuildPhase;
			buildActionMask = 2147483647;
			files = (
				DA704F9B9B117D29F2FA0BDF /* Pods_MovieDBClientTests.framework in Frameworks */,
			);
			runOnlyForDeploymentPostprocessing = 0;
		};
/* End PBXFrameworksBuildPhase section */

/* Begin PBXGroup section */
		B11A3CB620F1E6A3008310AD = {
			isa = PBXGroup;
			children = (
				B11A3CC120F1E6A3008310AD /* MovieDBClient */,
				B11A3CD620F1E6A5008310AD /* MovieDBClientTests */,
				B11A3CC020F1E6A3008310AD /* Products */,
				F83D3A06BC4B924F7E5AB244 /* Pods */,
				BE371495131E89F68E44D78F /* Frameworks */,
			);
			sourceTree = "<group>";
		};
		B11A3CC020F1E6A3008310AD /* Products */ = {
			isa = PBXGroup;
			children = (
				B11A3CBF20F1E6A3008310AD /* MovieDBClient.app */,
				B11A3CD320F1E6A5008310AD /* MovieDBClientTests.xctest */,
			);
			name = Products;
			sourceTree = "<group>";
		};
		B11A3CC120F1E6A3008310AD /* MovieDBClient */ = {
			isa = PBXGroup;
			children = (
				B1F3ACCE20F1F1E700DED68A /* Views */,
				B1F3ACD220F1F22B00DED68A /* Controllers */,
				B1F3ACD020F1F1F500DED68A /* Network */,
				B1F3ACCF20F1F1EE00DED68A /* Models */,
				B1F3ACD920F1FD4600DED68A /* Utilities */,
				B11A3CC220F1E6A3008310AD /* AppDelegate.swift */,
				B11A3CC920F1E6A5008310AD /* Assets.xcassets */,
				B11A3CCB20F1E6A5008310AD /* LaunchScreen.storyboard */,
				B11A3CCE20F1E6A5008310AD /* Info.plist */,
			);
			path = MovieDBClient;
			sourceTree = "<group>";
		};
		B11A3CD620F1E6A5008310AD /* MovieDBClientTests */ = {
			isa = PBXGroup;
			children = (
				B11A3CD720F1E6A5008310AD /* MovieDBClientTests.swift */,
				B1F3ACDC20F2083100DED68A /* valid_response.json */,
				B1F3ACE420F214D000DED68A /* valid_response_no_poster.json */,
				B1F3ACE020F2113800DED68A /* valid_response_no_results.json */,
				B1F3ACDE20F2113700DED68A /* failure_response.json */,
				B1F3ACDF20F2113700DED68A /* error_response.json */,
				B11A3CD920F1E6A5008310AD /* Info.plist */,
			);
			path = MovieDBClientTests;
			sourceTree = "<group>";
		};
		B1F3ACCE20F1F1E700DED68A /* Views */ = {
			isa = PBXGroup;
			children = (
				B1F3ACD320F1F25900DED68A /* MainView.swift */,
				B1F3ACD720F1F90E00DED68A /* MovieCell.swift */,
				B1506CD720F3DCB000D28D63 /* SearchKeywordCell.swift */,
			);
			path = Views;
			sourceTree = "<group>";
		};
		B1F3ACCF20F1F1EE00DED68A /* Models */ = {
			isa = PBXGroup;
			children = (
				B1F3ACDA20F1FDA800DED68A /* Models.swift */,
			);
			path = Models;
			sourceTree = "<group>";
		};
		B1F3ACD020F1F1F500DED68A /* Network */ = {
			isa = PBXGroup;
			children = (
				B1F3ACED20F2274200DED68A /* SearchManager.swift */,
				B1F3ACEE20F2274200DED68A /* SearchOperation.swift */,
				B1F3ACF220F2687A00DED68A /* CacheManager.swift */,
			);
			path = Network;
			sourceTree = "<group>";
		};
		B1F3ACD220F1F22B00DED68A /* Controllers */ = {
			isa = PBXGroup;
			children = (
				B11A3CC420F1E6A3008310AD /* MainViewController.swift */,
				B1F3ACD520F1F89800DED68A /* MovieResultsDataSource.swift */,
			);
			path = Controllers;
			sourceTree = "<group>";
		};
		B1F3ACD920F1FD4600DED68A /* Utilities */ = {
			isa = PBXGroup;
			children = (
				B1F3ACE820F226D900DED68A /* AsyncOperation.swift */,
				B1F3ACE920F226D900DED68A /* AsyncQueue.swift */,
			);
			path = Utilities;
			sourceTree = "<group>";
		};
		BE371495131E89F68E44D78F /* Frameworks */ = {
			isa = PBXGroup;
			children = (
				CB55E086D6792D41A7D04FEA /* Pods_MovieDBClient.framework */,
				4390C4FBE531C967B0C9D2F0 /* Pods_MovieDBClientTests.framework */,
			);
			name = Frameworks;
			sourceTree = "<group>";
		};
		F83D3A06BC4B924F7E5AB244 /* Pods */ = {
			isa = PBXGroup;
			children = (
				E8D95C1C087070C97976FEEF /* Pods-MovieDBClient.debug.xcconfig */,
				57D85B13D8912EB38C57E129 /* Pods-MovieDBClient.release.xcconfig */,
				3CFEA3EA0D651E437A6EC011 /* Pods-MovieDBClientTests.debug.xcconfig */,
				2D6589F7B539A8CF2E8CDCB1 /* Pods-MovieDBClientTests.release.xcconfig */,
			);
			name = Pods;
			sourceTree = "<group>";
		};
/* End PBXGroup section */

/* Begin PBXNativeTarget section */
		B11A3CBE20F1E6A3008310AD /* MovieDBClient */ = {
			isa = PBXNativeTarget;
			buildConfigurationList = B11A3CDC20F1E6A5008310AD /* Build configuration list for PBXNativeTarget "MovieDBClient" */;
			buildPhases = (
				0C85E7D6D279A65403B3FD01 /* [CP] Check Pods Manifest.lock */,
				B11A3CBB20F1E6A3008310AD /* Sources */,
				B11A3CBC20F1E6A3008310AD /* Frameworks */,
				B11A3CBD20F1E6A3008310AD /* Resources */,
				0D01A26B01C12E069BC54C6E /* [CP] Embed Pods Frameworks */,
			);
			buildRules = (
			);
			dependencies = (
			);
			name = MovieDBClient;
			productName = MovieDBClient;
			productReference = B11A3CBF20F1E6A3008310AD /* MovieDBClient.app */;
			productType = "com.apple.product-type.application";
		};
		B11A3CD220F1E6A5008310AD /* MovieDBClientTests */ = {
			isa = PBXNativeTarget;
			buildConfigurationList = B11A3CDF20F1E6A5008310AD /* Build configuration list for PBXNativeTarget "MovieDBClientTests" */;
			buildPhases = (
				1A3A40BC11252455722396DD /* [CP] Check Pods Manifest.lock */,
				B11A3CCF20F1E6A5008310AD /* Sources */,
				B11A3CD020F1E6A5008310AD /* Frameworks */,
				B11A3CD120F1E6A5008310AD /* Resources */,
			);
			buildRules = (
			);
			dependencies = (
				B11A3CD520F1E6A5008310AD /* PBXTargetDependency */,
			);
			name = MovieDBClientTests;
			productName = MovieDBClientTests;
			productReference = B11A3CD320F1E6A5008310AD /* MovieDBClientTests.xctest */;
			productType = "com.apple.product-type.bundle.unit-test";
		};
/* End PBXNativeTarget section */

/* Begin PBXProject section */
		B11A3CB720F1E6A3008310AD /* Project object */ = {
			isa = PBXProject;
			attributes = {
				LastSwiftUpdateCheck = 0940;
				LastUpgradeCheck = 0940;
				ORGANIZATIONNAME = "Prashant Rane";
				TargetAttributes = {
					B11A3CBE20F1E6A3008310AD = {
						CreatedOnToolsVersion = 9.4.1;
					};
					B11A3CD220F1E6A5008310AD = {
						CreatedOnToolsVersion = 9.4.1;
						TestTargetID = B11A3CBE20F1E6A3008310AD;
					};
				};
			};
			buildConfigurationList = B11A3CBA20F1E6A3008310AD /* Build configuration list for PBXProject "MovieDBClient" */;
			compatibilityVersion = "Xcode 9.3";
			developmentRegion = en;
			hasScannedForEncodings = 0;
			knownRegions = (
				en,
				Base,
			);
			mainGroup = B11A3CB620F1E6A3008310AD;
			productRefGroup = B11A3CC020F1E6A3008310AD /* Products */;
			projectDirPath = "";
			projectRoot = "";
			targets = (
				B11A3CBE20F1E6A3008310AD /* MovieDBClient */,
				B11A3CD220F1E6A5008310AD /* MovieDBClientTests */,
			);
		};
/* End PBXProject section */

/* Begin PBXResourcesBuildPhase section */
		B11A3CBD20F1E6A3008310AD /* Resources */ = {
			isa = PBXResourcesBuildPhase;
			buildActionMask = 2147483647;
			files = (
				B11A3CCD20F1E6A5008310AD /* LaunchScreen.storyboard in Resources */,
				B11A3CCA20F1E6A5008310AD /* Assets.xcassets in Resources */,
			);
			runOnlyForDeploymentPostprocessing = 0;
		};
		B11A3CD120F1E6A5008310AD /* Resources */ = {
			isa = PBXResourcesBuildPhase;
			buildActionMask = 2147483647;
			files = (
				B1F3ACDD20F2083100DED68A /* valid_response.json in Resources */,
				B1F3ACE120F2113800DED68A /* failure_response.json in Resources */,
				B1F3ACE520F214D000DED68A /* valid_response_no_poster.json in Resources */,
				B1F3ACE320F2113800DED68A /* valid_response_no_results.json in Resources */,
				B1F3ACE220F2113800DED68A /* error_response.json in Resources */,
			);
			runOnlyForDeploymentPostprocessing = 0;
		};
/* End PBXResourcesBuildPhase section */

/* Begin PBXShellScriptBuildPhase section */
		0C85E7D6D279A65403B3FD01 /* [CP] Check Pods Manifest.lock */ = {
			isa = PBXShellScriptBuildPhase;
			buildActionMask = 2147483647;
			files = (
			);
			inputPaths = (
				"${PODS_PODFILE_DIR_PATH}/Podfile.lock",
				"${PODS_ROOT}/Manifest.lock",
			);
			name = "[CP] Check Pods Manifest.lock";
			outputPaths = (
				"$(DERIVED_FILE_DIR)/Pods-MovieDBClient-checkManifestLockResult.txt",
			);
			runOnlyForDeploymentPostprocessing = 0;
			shellPath = /bin/sh;
			shellScript = "diff \"${PODS_PODFILE_DIR_PATH}/Podfile.lock\" \"${PODS_ROOT}/Manifest.lock\" > /dev/null\nif [ $? != 0 ] ; then\n    # print error to STDERR\n    echo \"error: The sandbox is not in sync with the Podfile.lock. Run 'pod install' or update your CocoaPods installation.\" >&2\n    exit 1\nfi\n# This output is used by Xcode 'outputs' to avoid re-running this script phase.\necho \"SUCCESS\" > \"${SCRIPT_OUTPUT_FILE_0}\"\n";
			showEnvVarsInLog = 0;
		};
		0D01A26B01C12E069BC54C6E /* [CP] Embed Pods Frameworks */ = {
			isa = PBXShellScriptBuildPhase;
			buildActionMask = 2147483647;
			files = (
			);
			inputPaths = (
				"${SRCROOT}/Pods/Target Support Files/Pods-MovieDBClient/Pods-MovieDBClient-frameworks.sh",
				"${BUILT_PRODUCTS_DIR}/PINCache/PINCache.framework",
			);
			name = "[CP] Embed Pods Frameworks";
			outputPaths = (
				"${TARGET_BUILD_DIR}/${FRAMEWORKS_FOLDER_PATH}/PINCache.framework",
			);
			runOnlyForDeploymentPostprocessing = 0;
			shellPath = /bin/sh;
			shellScript = "\"${SRCROOT}/Pods/Target Support Files/Pods-MovieDBClient/Pods-MovieDBClient-frameworks.sh\"\n";
			showEnvVarsInLog = 0;
		};
		1A3A40BC11252455722396DD /* [CP] Check Pods Manifest.lock */ = {
			isa = PBXShellScriptBuildPhase;
			buildActionMask = 2147483647;
			files = (
			);
			inputPaths = (
				"${PODS_PODFILE_DIR_PATH}/Podfile.lock",
				"${PODS_ROOT}/Manifest.lock",
			);
			name = "[CP] Check Pods Manifest.lock";
			outputPaths = (
				"$(DERIVED_FILE_DIR)/Pods-MovieDBClientTests-checkManifestLockResult.txt",
			);
			runOnlyForDeploymentPostprocessing = 0;
			shellPath = /bin/sh;
			shellScript = "diff \"${PODS_PODFILE_DIR_PATH}/Podfile.lock\" \"${PODS_ROOT}/Manifest.lock\" > /dev/null\nif [ $? != 0 ] ; then\n    # print error to STDERR\n    echo \"error: The sandbox is not in sync with the Podfile.lock. Run 'pod install' or update your CocoaPods installation.\" >&2\n    exit 1\nfi\n# This output is used by Xcode 'outputs' to avoid re-running this script phase.\necho \"SUCCESS\" > \"${SCRIPT_OUTPUT_FILE_0}\"\n";
			showEnvVarsInLog = 0;
		};
/* End PBXShellScriptBuildPhase section */

/* Begin PBXSourcesBuildPhase section */
		B11A3CBB20F1E6A3008310AD /* Sources */ = {
			isa = PBXSourcesBuildPhase;
			buildActionMask = 2147483647;
			files = (
				B1F3ACD620F1F89800DED68A /* MovieResultsDataSource.swift in Sources */,
				B11A3CC520F1E6A3008310AD /* MainViewController.swift in Sources */,
				B1F3ACD420F1F25900DED68A /* MainView.swift in Sources */,
				B1F3ACDB20F1FDA800DED68A /* Models.swift in Sources */,
				B1F3ACD820F1F90E00DED68A /* MovieCell.swift in Sources */,
				B1506CD820F3DCB000D28D63 /* SearchKeywordCell.swift in Sources */,
				B11A3CC320F1E6A3008310AD /* AppDelegate.swift in Sources */,
				B1F3ACF320F2687A00DED68A /* CacheManager.swift in Sources */,
				B1F3ACF020F2274200DED68A /* SearchManager.swift in Sources */,
				B1F3ACEB20F226D900DED68A /* AsyncQueue.swift in Sources */,
				B1F3ACF120F2274200DED68A /* SearchOperation.swift in Sources */,
				B1F3ACEA20F226D900DED68A /* AsyncOperation.swift in Sources */,
			);
			runOnlyForDeploymentPostprocessing = 0;
		};
		B11A3CCF20F1E6A5008310AD /* Sources */ = {
			isa = PBXSourcesBuildPhase;
			buildActionMask = 2147483647;
			files = (
				B11A3CD820F1E6A5008310AD /* MovieDBClientTests.swift in Sources */,
			);
			runOnlyForDeploymentPostprocessing = 0;
		};
/* End PBXSourcesBuildPhase section */

/* Begin PBXTargetDependency section */
		B11A3CD520F1E6A5008310AD /* PBXTargetDependency */ = {
			isa = PBXTargetDependency;
			target = B11A3CBE20F1E6A3008310AD /* MovieDBClient */;
			targetProxy = B11A3CD420F1E6A5008310AD /* PBXContainerItemProxy */;
		};
/* End PBXTargetDependency section */

/* Begin PBXVariantGroup section */
		B11A3CCB20F1E6A5008310AD /* LaunchScreen.storyboard */ = {
			isa = PBXVariantGroup;
			children = (
				B11A3CCC20F1E6A5008310AD /* Base */,
			);
			name = LaunchScreen.storyboard;
			sourceTree = "<group>";
		};
/* End PBXVariantGroup section */

/* Begin XCBuildConfiguration section */
		B11A3CDA20F1E6A5008310AD /* Debug */ = {
			isa = XCBuildConfiguration;
			buildSettings = {
				ALWAYS_SEARCH_USER_PATHS = NO;
				CLANG_ANALYZER_NONNULL = YES;
				CLANG_ANALYZER_NUMBER_OBJECT_CONVERSION = YES_AGGRESSIVE;
				CLANG_CXX_LANGUAGE_STANDARD = "gnu++14";
				CLANG_CXX_LIBRARY = "libc++";
				CLANG_ENABLE_MODULES = YES;
				CLANG_ENABLE_OBJC_ARC = YES;
				CLANG_ENABLE_OBJC_WEAK = YES;
				CLANG_WARN_BLOCK_CAPTURE_AUTORELEASING = YES;
				CLANG_WARN_BOOL_CONVERSION = YES;
				CLANG_WARN_COMMA = YES;
				CLANG_WARN_CONSTANT_CONVERSION = YES;
				CLANG_WARN_DEPRECATED_OBJC_IMPLEMENTATIONS = YES;
				CLANG_WARN_DIRECT_OBJC_ISA_USAGE = YES_ERROR;
				CLANG_WARN_DOCUMENTATION_COMMENTS = YES;
				CLANG_WARN_EMPTY_BODY = YES;
				CLANG_WARN_ENUM_CONVERSION = YES;
				CLANG_WARN_INFINITE_RECURSION = YES;
				CLANG_WARN_INT_CONVERSION = YES;
				CLANG_WARN_NON_LITERAL_NULL_CONVERSION = YES;
				CLANG_WARN_OBJC_IMPLICIT_RETAIN_SELF = YES;
				CLANG_WARN_OBJC_LITERAL_CONVERSION = YES;
				CLANG_WARN_OBJC_ROOT_CLASS = YES_ERROR;
				CLANG_WARN_RANGE_LOOP_ANALYSIS = YES;
				CLANG_WARN_STRICT_PROTOTYPES = YES;
				CLANG_WARN_SUSPICIOUS_MOVE = YES;
				CLANG_WARN_UNGUARDED_AVAILABILITY = YES_AGGRESSIVE;
				CLANG_WARN_UNREACHABLE_CODE = YES;
				CLANG_WARN__DUPLICATE_METHOD_MATCH = YES;
				CODE_SIGN_IDENTITY = "iPhone Developer";
				COPY_PHASE_STRIP = NO;
				DEBUG_INFORMATION_FORMAT = dwarf;
				ENABLE_STRICT_OBJC_MSGSEND = YES;
				ENABLE_TESTABILITY = YES;
				GCC_C_LANGUAGE_STANDARD = gnu11;
				GCC_DYNAMIC_NO_PIC = NO;
				GCC_NO_COMMON_BLOCKS = YES;
				GCC_OPTIMIZATION_LEVEL = 0;
				GCC_PREPROCESSOR_DEFINITIONS = (
					"DEBUG=1",
					"$(inherited)",
				);
				GCC_WARN_64_TO_32_BIT_CONVERSION = YES;
				GCC_WARN_ABOUT_RETURN_TYPE = YES_ERROR;
				GCC_WARN_UNDECLARED_SELECTOR = YES;
				GCC_WARN_UNINITIALIZED_AUTOS = YES_AGGRESSIVE;
				GCC_WARN_UNUSED_FUNCTION = YES;
				GCC_WARN_UNUSED_VARIABLE = YES;
				IPHONEOS_DEPLOYMENT_TARGET = 11.4;
				MTL_ENABLE_DEBUG_INFO = YES;
				ONLY_ACTIVE_ARCH = YES;
				SDKROOT = iphoneos;
				SWIFT_ACTIVE_COMPILATION_CONDITIONS = DEBUG;
				SWIFT_OPTIMIZATION_LEVEL = "-Onone";
			};
			name = Debug;
		};
		B11A3CDB20F1E6A5008310AD /* Release */ = {
			isa = XCBuildConfiguration;
			buildSettings = {
				ALWAYS_SEARCH_USER_PATHS = NO;
				CLANG_ANALYZER_NONNULL = YES;
				CLANG_ANALYZER_NUMBER_OBJECT_CONVERSION = YES_AGGRESSIVE;
				CLANG_CXX_LANGUAGE_STANDARD = "gnu++14";
				CLANG_CXX_LIBRARY = "libc++";
				CLANG_ENABLE_MODULES = YES;
				CLANG_ENABLE_OBJC_ARC = YES;
				CLANG_ENABLE_OBJC_WEAK = YES;
				CLANG_WARN_BLOCK_CAPTURE_AUTORELEASING = YES;
				CLANG_WARN_BOOL_CONVERSION = YES;
				CLANG_WARN_COMMA = YES;
				CLANG_WARN_CONSTANT_CONVERSION = YES;
				CLANG_WARN_DEPRECATED_OBJC_IMPLEMENTATIONS = YES;
				CLANG_WARN_DIRECT_OBJC_ISA_USAGE = YES_ERROR;
				CLANG_WARN_DOCUMENTATION_COMMENTS = YES;
				CLANG_WARN_EMPTY_BODY = YES;
				CLANG_WARN_ENUM_CONVERSION = YES;
				CLANG_WARN_INFINITE_RECURSION = YES;
				CLANG_WARN_INT_CONVERSION = YES;
				CLANG_WARN_NON_LITERAL_NULL_CONVERSION = YES;
				CLANG_WARN_OBJC_IMPLICIT_RETAIN_SELF = YES;
				CLANG_WARN_OBJC_LITERAL_CONVERSION = YES;
				CLANG_WARN_OBJC_ROOT_CLASS = YES_ERROR;
				CLANG_WARN_RANGE_LOOP_ANALYSIS = YES;
				CLANG_WARN_STRICT_PROTOTYPES = YES;
				CLANG_WARN_SUSPICIOUS_MOVE = YES;
				CLANG_WARN_UNGUARDED_AVAILABILITY = YES_AGGRESSIVE;
				CLANG_WARN_UNREACHABLE_CODE = YES;
				CLANG_WARN__DUPLICATE_METHOD_MATCH = YES;
				CODE_SIGN_IDENTITY = "iPhone Developer";
				COPY_PHASE_STRIP = NO;
				DEBUG_INFORMATION_FORMAT = "dwarf-with-dsym";
				ENABLE_NS_ASSERTIONS = NO;
				ENABLE_STRICT_OBJC_MSGSEND = YES;
				GCC_C_LANGUAGE_STANDARD = gnu11;
				GCC_NO_COMMON_BLOCKS = YES;
				GCC_WARN_64_TO_32_BIT_CONVERSION = YES;
				GCC_WARN_ABOUT_RETURN_TYPE = YES_ERROR;
				GCC_WARN_UNDECLARED_SELECTOR = YES;
				GCC_WARN_UNINITIALIZED_AUTOS = YES_AGGRESSIVE;
				GCC_WARN_UNUSED_FUNCTION = YES;
				GCC_WARN_UNUSED_VARIABLE = YES;
				IPHONEOS_DEPLOYMENT_TARGET = 11.4;
				MTL_ENABLE_DEBUG_INFO = NO;
				SDKROOT = iphoneos;
				SWIFT_COMPILATION_MODE = wholemodule;
				SWIFT_OPTIMIZATION_LEVEL = "-O";
				VALIDATE_PRODUCT = YES;
			};
			name = Release;
		};
		B11A3CDD20F1E6A5008310AD /* Debug */ = {
			isa = XCBuildConfiguration;
			baseConfigurationReference = E8D95C1C087070C97976FEEF /* Pods-MovieDBClient.debug.xcconfig */;
			buildSettings = {
				ASSETCATALOG_COMPILER_APPICON_NAME = AppIcon;
				CODE_SIGN_STYLE = Automatic;
				DEVELOPMENT_TEAM = R2ZL7S7Z67;
				GCC_TREAT_WARNINGS_AS_ERRORS = YES;
				INFOPLIST_FILE = MovieDBClient/Info.plist;
				IPHONEOS_DEPLOYMENT_TARGET = 9.0;
				LD_RUNPATH_SEARCH_PATHS = (
					"$(inherited)",
					"@executable_path/Frameworks",
				);
				PRODUCT_BUNDLE_IDENTIFIER = com.prrane.MovieDBClient;
				PRODUCT_NAME = "$(TARGET_NAME)";
				SWIFT_VERSION = 4.0;
				TARGETED_DEVICE_FAMILY = "1,2";
			};
			name = Debug;
		};
		B11A3CDE20F1E6A5008310AD /* Release */ = {
			isa = XCBuildConfiguration;
			baseConfigurationReference = 57D85B13D8912EB38C57E129 /* Pods-MovieDBClient.release.xcconfig */;
			buildSettings = {
				ASSETCATALOG_COMPILER_APPICON_NAME = AppIcon;
				CODE_SIGN_STYLE = Automatic;
				DEVELOPMENT_TEAM = R2ZL7S7Z67;
				GCC_TREAT_WARNINGS_AS_ERRORS = YES;
				INFOPLIST_FILE = MovieDBClient/Info.plist;
				IPHONEOS_DEPLOYMENT_TARGET = 9.0;
				LD_RUNPATH_SEARCH_PATHS = (
					"$(inherited)",
					"@executable_path/Frameworks",
				);
				PRODUCT_BUNDLE_IDENTIFIER = com.prrane.MovieDBClient;
				PRODUCT_NAME = "$(TARGET_NAME)";
				SWIFT_VERSION = 4.0;
				TARGETED_DEVICE_FAMILY = "1,2";
			};
			name = Release;
		};
		B11A3CE020F1E6A5008310AD /* Debug */ = {
			isa = XCBuildConfiguration;
			baseConfigurationReference = 3CFEA3EA0D651E437A6EC011 /* Pods-MovieDBClientTests.debug.xcconfig */;
			buildSettings = {
				ALWAYS_EMBED_SWIFT_STANDARD_LIBRARIES = YES;
				BUNDLE_LOADER = "$(TEST_HOST)";
				CODE_SIGN_STYLE = Automatic;
				DEVELOPMENT_TEAM = R2ZL7S7Z67;
				INFOPLIST_FILE = MovieDBClientTests/Info.plist;
				LD_RUNPATH_SEARCH_PATHS = (
					"$(inherited)",
					"@executable_path/Frameworks",
					"@loader_path/Frameworks",
				);
				PRODUCT_BUNDLE_IDENTIFIER = com.prrane.MovieDBClientTests;
				PRODUCT_NAME = "$(TARGET_NAME)";
				SWIFT_VERSION = 4.0;
				TARGETED_DEVICE_FAMILY = "1,2";
				TEST_HOST = "$(BUILT_PRODUCTS_DIR)/MovieDBClient.app/MovieDBClient";
			};
			name = Debug;
		};
		B11A3CE120F1E6A5008310AD /* Release */ = {
			isa = XCBuildConfiguration;
			baseConfigurationReference = 2D6589F7B539A8CF2E8CDCB1 /* Pods-MovieDBClientTests.release.xcconfig */;
			buildSettings = {
				ALWAYS_EMBED_SWIFT_STANDARD_LIBRARIES = YES;
				BUNDLE_LOADER = "$(TEST_HOST)";
				CODE_SIGN_STYLE = Automatic;
				DEVELOPMENT_TEAM = R2ZL7S7Z67;
				INFOPLIST_FILE = MovieDBClientTests/Info.plist;
				LD_RUNPATH_SEARCH_PATHS = (
					"$(inherited)",
					"@executable_path/Frameworks",
					"@loader_path/Frameworks",
				);
				PRODUCT_BUNDLE_IDENTIFIER = com.prrane.MovieDBClientTests;
				PRODUCT_NAME = "$(TARGET_NAME)";
				SWIFT_VERSION = 4.0;
				TARGETED_DEVICE_FAMILY = "1,2";
				TEST_HOST = "$(BUILT_PRODUCTS_DIR)/MovieDBClient.app/MovieDBClient";
			};
			name = Release;
		};
/* End XCBuildConfiguration section */

/* Begin XCConfigurationList section */
		B11A3CBA20F1E6A3008310AD /* Build configuration list for PBXProject "MovieDBClient" */ = {
			isa = XCConfigurationList;
			buildConfigurations = (
				B11A3CDA20F1E6A5008310AD /* Debug */,
				B11A3CDB20F1E6A5008310AD /* Release */,
			);
			defaultConfigurationIsVisible = 0;
			defaultConfigurationName = Release;
		};
		B11A3CDC20F1E6A5008310AD /* Build configuration list for PBXNativeTarget "MovieDBClient" */ = {
			isa = XCConfigurationList;
			buildConfigurations = (
				B11A3CDD20F1E6A5008310AD /* Debug */,
				B11A3CDE20F1E6A5008310AD /* Release */,
			);
			defaultConfigurationIsVisible = 0;
			defaultConfigurationName = Release;
		};
		B11A3CDF20F1E6A5008310AD /* Build configuration list for PBXNativeTarget "MovieDBClientTests" */ = {
			isa = XCConfigurationList;
			buildConfigurations = (
				B11A3CE020F1E6A5008310AD /* Debug */,
				B11A3CE120F1E6A5008310AD /* Release */,
			);
			defaultConfigurationIsVisible = 0;
			defaultConfigurationName = Release;
		};
/* End XCConfigurationList section */
	};
	rootObject = B11A3CB720F1E6A3008310AD /* Project object */;
}
